<<<<<<< HEAD
Microsoft Visual Studio Solution File, Format Version 11.00
# Visual Studio 2008

Project("{F0364A74-9AD8-A5D9-76AA-272C1854559B}") = "Ready Set Escargot", "Assembly-CSharp.csproj", "{3A3B471F-BF2B-B1E9-DCC1-51DC3F260467}"
=======
﻿
Microsoft Visual Studio Solution File, Format Version 12.00
# Visual Studio 2015
Project("{FAE04EC0-301F-11D3-BF4B-00C04F79EFBC}") = "Ready Set Escargot.CSharp", "Ready Set Escargot.CSharp.csproj", "{7ADF3813-79D0-5520-CB34-1F0D79AF5AC8}"
>>>>>>> origin/master
EndProject
Global
	GlobalSection(SolutionConfigurationPlatforms) = preSolution
		Debug|Any CPU = Debug|Any CPU
		Release|Any CPU = Release|Any CPU
	EndGlobalSection
	GlobalSection(ProjectConfigurationPlatforms) = postSolution
<<<<<<< HEAD
		{3A3B471F-BF2B-B1E9-DCC1-51DC3F260467}.Debug|Any CPU.ActiveCfg = Debug|Any CPU
		{3A3B471F-BF2B-B1E9-DCC1-51DC3F260467}.Debug|Any CPU.Build.0 = Debug|Any CPU
		{3A3B471F-BF2B-B1E9-DCC1-51DC3F260467}.Release|Any CPU.ActiveCfg = Release|Any CPU
		{3A3B471F-BF2B-B1E9-DCC1-51DC3F260467}.Release|Any CPU.Build.0 = Release|Any CPU
=======
		{7ADF3813-79D0-5520-CB34-1F0D79AF5AC8}.Debug|Any CPU.ActiveCfg = Debug|Any CPU
		{7ADF3813-79D0-5520-CB34-1F0D79AF5AC8}.Debug|Any CPU.Build.0 = Debug|Any CPU
		{7ADF3813-79D0-5520-CB34-1F0D79AF5AC8}.Release|Any CPU.ActiveCfg = Release|Any CPU
		{7ADF3813-79D0-5520-CB34-1F0D79AF5AC8}.Release|Any CPU.Build.0 = Release|Any CPU
>>>>>>> origin/master
	EndGlobalSection
	GlobalSection(SolutionProperties) = preSolution
		HideSolutionNode = FALSE
	EndGlobalSection
EndGlobal
